
Microsoft Visual Studio Solution File, Format Version 12.00
# Visual Studio Version 17
VisualStudioVersion = 17.5.002.0
MinimumVisualStudioVersion = 10.0.40219.1
Project("{9A19103F-16F7-4668-BE54-9A1E7A4F7556}") = "app", "app.csproj", "{0C274E6D-E4B8-432E-8DC1-43048D112770}"
EndProject
Global
	GlobalSection(SolutionConfigurationPlatforms) = preSolution
		Debug|Any CPU = Debug|Any CPU
		Release|Any CPU = Release|Any CPU
	EndGlobalSection
	GlobalSection(ProjectConfigurationPlatforms) = postSolution
		{0C274E6D-E4B8-432E-8DC1-43048D112770}.Debug|Any CPU.ActiveCfg = Debug|Any CPU
		{0C274E6D-E4B8-432E-8DC1-43048D112770}.Debug|Any CPU.Build.0 = Debug|Any CPU
		{0C274E6D-E4B8-432E-8DC1-43048D112770}.Release|Any CPU.ActiveCfg = Release|Any CPU
		{0C274E6D-E4B8-432E-8DC1-43048D112770}.Release|Any CPU.Build.0 = Release|Any CPU
	EndGlobalSection
	GlobalSection(SolutionProperties) = preSolution
		HideSolutionNode = FALSE
	EndGlobalSection
	GlobalSection(ExtensibilityGlobals) = postSolution
		SolutionGuid = {95E81B37-8776-4BCF-9D69-FA4E36716922}
	EndGlobalSection
EndGlobal
